
Microsoft Visual Studio Solution File, Format Version 12.00
# Visual Studio Version 17
VisualStudioVersion = 17.8.34330.188
MinimumVisualStudioVersion = 10.0.40219.1
Project("{FAE04EC0-301F-11D3-BF4B-00C04F79EFBC}") = "WindowsFormsApp2", "WindowsFormsApp2\WindowsFormsApp2.csproj", "{D117D2E8-2AE0-41AB-A4F0-7B44980C4D48}"
EndProject
Global
	GlobalSection(SolutionConfigurationPlatforms) = preSolution
		Debug|Any CPU = Debug|Any CPU
		Release|Any CPU = Release|Any CPU
	EndGlobalSection
	GlobalSection(ProjectConfigurationPlatforms) = postSolution
		{D117D2E8-2AE0-41AB-A4F0-7B44980C4D48}.Debug|Any CPU.ActiveCfg = Debug|Any CPU
		{D117D2E8-2AE0-41AB-A4F0-7B44980C4D48}.Debug|Any CPU.Build.0 = Debug|Any CPU
		{D117D2E8-2AE0-41AB-A4F0-7B44980C4D48}.Release|Any CPU.ActiveCfg = Release|Any CPU
		{D117D2E8-2AE0-41AB-A4F0-7B44980C4D48}.Release|Any CPU.Build.0 = Release|Any CPU
	EndGlobalSection
	GlobalSection(SolutionProperties) = preSolution
		HideSolutionNode = FALSE
	EndGlobalSection
	GlobalSection(ExtensibilityGlobals) = postSolution
		SolutionGuid = {4F515BAD-B9DB-43A1-8885-9F0433485C73}
	EndGlobalSection
EndGlobal
